
Microsoft Visual Studio Solution File, Format Version 12.00
# Visual Studio Version 17
VisualStudioVersion = 17.9.34728.123
MinimumVisualStudioVersion = 10.0.40219.1
Project("{FAE04EC0-301F-11D3-BF4B-00C04F79EFBC}") = "Web", "Web\Web.csproj", "{51100438-CDB6-45DC-8BA0-C1B9A307016F}"
EndProject
Project("{FAE04EC0-301F-11D3-BF4B-00C04F79EFBC}") = "Api", "Api\Api.csproj", "{1F76D5F9-59C3-4F87-94CA-43FE38503945}"
EndProject
Global
	GlobalSection(SolutionConfigurationPlatforms) = preSolution
		Debug|Any CPU = Debug|Any CPU
		Release|Any CPU = Release|Any CPU
	EndGlobalSection
	GlobalSection(ProjectConfigurationPlatforms) = postSolution
		{51100438-CDB6-45DC-8BA0-C1B9A307016F}.Debug|Any CPU.ActiveCfg = Debug|Any CPU
		{51100438-CDB6-45DC-8BA0-C1B9A307016F}.Debug|Any CPU.Build.0 = Debug|Any CPU
		{51100438-CDB6-45DC-8BA0-C1B9A307016F}.Release|Any CPU.ActiveCfg = Release|Any CPU
		{51100438-CDB6-45DC-8BA0-C1B9A307016F}.Release|Any CPU.Build.0 = Release|Any CPU
		{1F76D5F9-59C3-4F87-94CA-43FE38503945}.Debug|Any CPU.ActiveCfg = Debug|Any CPU
		{1F76D5F9-59C3-4F87-94CA-43FE38503945}.Debug|Any CPU.Build.0 = Debug|Any CPU
		{1F76D5F9-59C3-4F87-94CA-43FE38503945}.Release|Any CPU.ActiveCfg = Release|Any CPU
		{1F76D5F9-59C3-4F87-94CA-43FE38503945}.Release|Any CPU.Build.0 = Release|Any CPU
	EndGlobalSection
	GlobalSection(SolutionProperties) = preSolution
		HideSolutionNode = FALSE
	EndGlobalSection
	GlobalSection(ExtensibilityGlobals) = postSolution
		SolutionGuid = {0EC9EC59-867A-43BB-8D63-D94A5A0392A5}
	EndGlobalSection
EndGlobal
